{
  "name": "结课",
  "lockfileVersion": 3,
  "requires": true,
  "packages": {
    "": {
      "dependencies": {
        "@vant/weapp": "^1.11.6",
        "mina-keyword-highlight": "^1.0.0"
      }
    },
    "node_modules/@vant/weapp": {
      "version": "1.11.6",
      "resolved": "https://registry.npmjs.org/@vant/weapp/-/weapp-1.11.6.tgz",
      "integrity": "sha512-a3heReWYT2gNdsyj6x1hBwsM8V8NrjcPAmle86NH2CD2V/i/h0le75piW6KntSfOPCwekVWMBKhysNrBpJeKdw=="
    },
    "node_modules/mina-keyword-highlight": {
      "version": "1.0.0",
      "resolved": "https://registry.npmjs.org/mina-keyword-highlight/-/mina-keyword-highlight-1.0.0.tgz",
      "integrity": "sha512-TJUzxeybBpT6jti/ZJmzZmDAEKrqtYEyMWiz4ynVfoed3A3ih5MEy0rkfemqliAD6erNGaNOnyykyEazhCAmYw=="
    }
  }
}
